# This file is automatically @generated by Cargo.
# It is not intended for manual editing.
version = 4

[[package]]
name = "bitflags"
version = "2.13.0"
source = "registry+https://github.com/rust-lang/crates.io-index"
checksum = "b4388bee8683e3d04af747c73422af53102d2bd24d9eadb6cbc100baef4b43f8"

[[package]]
name = "cfg-if"
version = "1.0.4"
source = "registry+https://github.com/rust-lang/crates.io-index"
checksum = "9330f8b2ff13f34540b44e946ef35111825727b38d33286ef986142615121801"

[[package]]
name = "errno"
version = "0.3.14"
source = "registry+https://github.com/rust-lang/crates.io-index"
checksum = "39cab71617ae0d63f51a36d69f866391735b51691dbda63cf6f96d042b63efeb"
dependencies = [
 "libc",
 "windows-sys",
]

[[package]]
name = "getrandom"
version = "0.4.3"
source = "registry+https://github.com/rust-lang/crates.io-index"
checksum = "300e883d756b2e4ec94e02791f39b04b522276138852cfc41d9fb7e904106099"
dependencies = [
 "cfg-if",
 "libc",
 "r-efi",
]

[[package]]
name = "leanbun-approval-macos"
version = "0.1.0"
dependencies = [
 "getrandom",
 "leanbun-core",
 "leanbun-evidence",
 "leanbun-inventory-legacy",
 "leanbun-macos-acl-sys",
 "leanbun-plan",
 "rustix",
]

[[package]]
name = "leanbun-build"
version = "0.1.0"
dependencies = [
 "leanbun-core",
 "leanbun-generation",
 "leanbun-lake-bridge",
 "leanbun-lock",
 "leanbun-resolver",
 "leanbun-store",
 "rustix",
]

[[package]]
name = "leanbun-codec"
version = "0.1.0"
dependencies = [
 "leanbun-core",
]

[[package]]
name = "leanbun-core"
version = "0.1.0"

[[package]]
name = "leanbun-evidence"
version = "0.1.0"
dependencies = [
 "leanbun-codec",
 "leanbun-core",
]

[[package]]
name = "leanbun-generation"
version = "0.1.0"
dependencies = [
 "leanbun-core",
 "leanbun-lake-bridge",
 "leanbun-lock",
 "leanbun-resolver",
 "leanbun-store",
]

[[package]]
name = "leanbun-inventory-legacy"
version = "0.1.0"
dependencies = [
 "leanbun-core",
 "leanbun-evidence",
]

[[package]]
name = "leanbun-lake-bridge"
version = "0.1.0"
dependencies = [
 "leanbun-codec",
 "leanbun-core",
 "leanbun-evidence",
 "leanbun-lock",
]

[[package]]
name = "leanbun-lock"
version = "0.1.0"
dependencies = [
 "leanbun-core",
]

[[package]]
name = "leanbun-macos-acl-sys"
version = "0.1.0"

[[package]]
name = "leanbun-managed"
version = "0.1.0"
dependencies = [
 "leanbun-build",
 "leanbun-codec",
 "leanbun-core",
 "leanbun-evidence",
 "leanbun-generation",
 "leanbun-lake-bridge",
 "leanbun-lock",
 "leanbun-resolver",
 "leanbun-store",
 "rustix",
]

[[package]]
name = "leanbun-plan"
version = "0.1.0"
dependencies = [
 "leanbun-codec",
 "leanbun-core",
 "leanbun-evidence",
 "leanbun-inventory-legacy",
]

[[package]]
name = "leanbun-resolver"
version = "0.1.0"
dependencies = [
 "leanbun-core",
 "leanbun-lake-bridge",
 "leanbun-lock",
]

[[package]]
name = "leanbun-state"
version = "0.1.0"
dependencies = [
 "leanbun-core",
 "leanbun-evidence",
]

[[package]]
name = "leanbun-store"
version = "0.1.0"
dependencies = [
 "leanbun-core",
 "leanbun-lake-bridge",
 "leanbun-lock",
 "leanbun-resolver",
]

[[package]]
name = "libc"
version = "0.2.186"
source = "registry+https://github.com/rust-lang/crates.io-index"
checksum = "68ab91017fe16c622486840e4c83c9a37afeff978bd239b5293d61ece587de66"

[[package]]
name = "linux-raw-sys"
version = "0.12.1"
source = "registry+https://github.com/rust-lang/crates.io-index"
checksum = "32a66949e030da00e8c7d4434b251670a91556f4144941d37452769c25d58a53"

[[package]]
name = "r-efi"
version = "6.0.0"
source = "registry+https://github.com/rust-lang/crates.io-index"
checksum = "f8dcc9c7d52a811697d2151c701e0d08956f92b0e24136cf4cf27b57a6a0d9bf"

[[package]]
name = "rustix"
version = "1.1.4"
source = "registry+https://github.com/rust-lang/crates.io-index"
checksum = "b6fe4565b9518b83ef4f91bb47ce29620ca828bd32cb7e408f0062e9930ba190"
dependencies = [
 "bitflags",
 "errno",
 "libc",
 "linux-raw-sys",
 "windows-sys",
]

[[package]]
name = "windows-link"
version = "0.2.1"
source = "registry+https://github.com/rust-lang/crates.io-index"
checksum = "f0805222e57f7521d6a62e36fa9163bc891acd422f971defe97d64e70d0a4fe5"

[[package]]
name = "windows-sys"
version = "0.61.2"
source = "registry+https://github.com/rust-lang/crates.io-index"
checksum = "ae137229bcbd6cdf0f7b80a31df61766145077ddf49416a728b02cb3921ff3fc"
dependencies = [
 "windows-link",
]
